
Microsoft Visual Studio Solution File, Format Version 12.00
# Visual Studio Version 17
VisualStudioVersion = 17.11.35303.130
MinimumVisualStudioVersion = 10.0.40219.1
Project("{FAE04EC0-301F-11D3-BF4B-00C04F79EFBC}") = "ChatGPTService", "ChatGPTWcfService\ChatGPTService.csproj", "{D937CCD5-E1AE-4166-9154-26A82A6EFE83}"
EndProject
Project("{FAE04EC0-301F-11D3-BF4B-00C04F79EFBC}") = "WebDownloadingService", "WebDownloadWcfService\WebDownloadingService.csproj", "{7A390CB9-9988-4E3C-89DD-42CD43E7F1FF}"
EndProject
Project("{FAE04EC0-301F-11D3-BF4B-00C04F79EFBC}") = "WordCountService", "WordCountWcfService\WordCountService.csproj", "{C5AFA278-6388-499B-86B6-D654FF7E7E8D}"
EndProject
Project("{FAE04EC0-301F-11D3-BF4B-00C04F79EFBC}") = "TryItWebApplication", "WebApp\TryItWebApplication.csproj", "{7B45E119-670B-4839-8EAE-C6881FC38087}"
EndProject
Global
	GlobalSection(SolutionConfigurationPlatforms) = preSolution
		Debug|Any CPU = Debug|Any CPU
		Release|Any CPU = Release|Any CPU
	EndGlobalSection
	GlobalSection(ProjectConfigurationPlatforms) = postSolution
		{D937CCD5-E1AE-4166-9154-26A82A6EFE83}.Debug|Any CPU.ActiveCfg = Debug|Any CPU
		{D937CCD5-E1AE-4166-9154-26A82A6EFE83}.Debug|Any CPU.Build.0 = Debug|Any CPU
		{D937CCD5-E1AE-4166-9154-26A82A6EFE83}.Release|Any CPU.ActiveCfg = Release|Any CPU
		{D937CCD5-E1AE-4166-9154-26A82A6EFE83}.Release|Any CPU.Build.0 = Release|Any CPU
		{7A390CB9-9988-4E3C-89DD-42CD43E7F1FF}.Debug|Any CPU.ActiveCfg = Debug|Any CPU
		{7A390CB9-9988-4E3C-89DD-42CD43E7F1FF}.Debug|Any CPU.Build.0 = Debug|Any CPU
		{7A390CB9-9988-4E3C-89DD-42CD43E7F1FF}.Release|Any CPU.ActiveCfg = Release|Any CPU
		{7A390CB9-9988-4E3C-89DD-42CD43E7F1FF}.Release|Any CPU.Build.0 = Release|Any CPU
		{C5AFA278-6388-499B-86B6-D654FF7E7E8D}.Debug|Any CPU.ActiveCfg = Debug|Any CPU
		{C5AFA278-6388-499B-86B6-D654FF7E7E8D}.Debug|Any CPU.Build.0 = Debug|Any CPU
		{C5AFA278-6388-499B-86B6-D654FF7E7E8D}.Release|Any CPU.ActiveCfg = Release|Any CPU
		{C5AFA278-6388-499B-86B6-D654FF7E7E8D}.Release|Any CPU.Build.0 = Release|Any CPU
		{7B45E119-670B-4839-8EAE-C6881FC38087}.Debug|Any CPU.ActiveCfg = Debug|Any CPU
		{7B45E119-670B-4839-8EAE-C6881FC38087}.Debug|Any CPU.Build.0 = Debug|Any CPU
		{7B45E119-670B-4839-8EAE-C6881FC38087}.Release|Any CPU.ActiveCfg = Release|Any CPU
		{7B45E119-670B-4839-8EAE-C6881FC38087}.Release|Any CPU.Build.0 = Release|Any CPU
	EndGlobalSection
	GlobalSection(SolutionProperties) = preSolution
		HideSolutionNode = FALSE
	EndGlobalSection
	GlobalSection(ExtensibilityGlobals) = postSolution
		SolutionGuid = {5298AEC5-7AC5-4B50-9567-7972BEDCD697}
	EndGlobalSection
EndGlobal
